
Microsoft Visual Studio Solution File, Format Version 12.00
# Visual Studio 2012
Project("{FAE04EC0-301F-11D3-BF4B-00C04F79EFBC}") = "SQLiteSample", "SQLiteSample\SQLiteSample.csproj", "{ABCEC2A2-201B-4772-90C8-03861D6C4C12}"
EndProject
Project("{FAE04EC0-301F-11D3-BF4B-00C04F79EFBC}") = "SQLiteSample.iOS", "iOS\SQLiteSample.iOS.csproj", "{40266BFC-AF93-4A57-919B-2EC5A23D3CB1}"
EndProject
Project("{FAE04EC0-301F-11D3-BF4B-00C04F79EFBC}") = "SQLiteSample.Droid", "Droid\SQLiteSample.Droid.csproj", "{9867F07A-B2F8-412F-BA3F-55D8EB97BDAC}"
EndProject
Global
	GlobalSection(SolutionConfigurationPlatforms) = preSolution
		Debug|Any CPU = Debug|Any CPU
		Release|Any CPU = Release|Any CPU
		Debug|iPhoneSimulator = Debug|iPhoneSimulator
		Release|iPhone = Release|iPhone
		Release|iPhoneSimulator = Release|iPhoneSimulator
		Debug|iPhone = Debug|iPhone
	EndGlobalSection
	GlobalSection(ProjectConfigurationPlatforms) = postSolution
		{ABCEC2A2-201B-4772-90C8-03861D6C4C12}.Debug|Any CPU.ActiveCfg = Debug|Any CPU
		{ABCEC2A2-201B-4772-90C8-03861D6C4C12}.Debug|Any CPU.Build.0 = Debug|Any CPU
		{ABCEC2A2-201B-4772-90C8-03861D6C4C12}.Release|Any CPU.ActiveCfg = Release|Any CPU
		{ABCEC2A2-201B-4772-90C8-03861D6C4C12}.Release|Any CPU.Build.0 = Release|Any CPU
		{ABCEC2A2-201B-4772-90C8-03861D6C4C12}.Debug|iPhoneSimulator.ActiveCfg = Debug|Any CPU
		{ABCEC2A2-201B-4772-90C8-03861D6C4C12}.Debug|iPhoneSimulator.Build.0 = Debug|Any CPU
		{ABCEC2A2-201B-4772-90C8-03861D6C4C12}.Release|iPhone.ActiveCfg = Release|Any CPU
		{ABCEC2A2-201B-4772-90C8-03861D6C4C12}.Release|iPhone.Build.0 = Release|Any CPU
		{ABCEC2A2-201B-4772-90C8-03861D6C4C12}.Release|iPhoneSimulator.ActiveCfg = Release|Any CPU
		{ABCEC2A2-201B-4772-90C8-03861D6C4C12}.Release|iPhoneSimulator.Build.0 = Release|Any CPU
		{ABCEC2A2-201B-4772-90C8-03861D6C4C12}.Debug|iPhone.ActiveCfg = Debug|Any CPU
		{ABCEC2A2-201B-4772-90C8-03861D6C4C12}.Debug|iPhone.Build.0 = Debug|Any CPU
		{40266BFC-AF93-4A57-919B-2EC5A23D3CB1}.Debug|Any CPU.ActiveCfg = Debug|iPhoneSimulator
		{40266BFC-AF93-4A57-919B-2EC5A23D3CB1}.Debug|Any CPU.Build.0 = Debug|iPhoneSimulator
		{40266BFC-AF93-4A57-919B-2EC5A23D3CB1}.Release|Any CPU.ActiveCfg = Release|iPhone
		{40266BFC-AF93-4A57-919B-2EC5A23D3CB1}.Release|Any CPU.Build.0 = Release|iPhone
		{40266BFC-AF93-4A57-919B-2EC5A23D3CB1}.Debug|iPhoneSimulator.ActiveCfg = Debug|iPhoneSimulator
		{40266BFC-AF93-4A57-919B-2EC5A23D3CB1}.Debug|iPhoneSimulator.Build.0 = Debug|iPhoneSimulator
		{40266BFC-AF93-4A57-919B-2EC5A23D3CB1}.Release|iPhone.ActiveCfg = Release|iPhone
		{40266BFC-AF93-4A57-919B-2EC5A23D3CB1}.Release|iPhone.Build.0 = Release|iPhone
		{40266BFC-AF93-4A57-919B-2EC5A23D3CB1}.Release|iPhoneSimulator.ActiveCfg = Release|iPhoneSimulator
		{40266BFC-AF93-4A57-919B-2EC5A23D3CB1}.Release|iPhoneSimulator.Build.0 = Release|iPhoneSimulator
		{40266BFC-AF93-4A57-919B-2EC5A23D3CB1}.Debug|iPhone.ActiveCfg = Debug|iPhone
		{40266BFC-AF93-4A57-919B-2EC5A23D3CB1}.Debug|iPhone.Build.0 = Debug|iPhone
		{9867F07A-B2F8-412F-BA3F-55D8EB97BDAC}.Debug|Any CPU.ActiveCfg = Debug|Any CPU
		{9867F07A-B2F8-412F-BA3F-55D8EB97BDAC}.Debug|Any CPU.Build.0 = Debug|Any CPU
		{9867F07A-B2F8-412F-BA3F-55D8EB97BDAC}.Release|Any CPU.ActiveCfg = Release|Any CPU
		{9867F07A-B2F8-412F-BA3F-55D8EB97BDAC}.Release|Any CPU.Build.0 = Release|Any CPU
		{9867F07A-B2F8-412F-BA3F-55D8EB97BDAC}.Debug|iPhoneSimulator.ActiveCfg = Debug|Any CPU
		{9867F07A-B2F8-412F-BA3F-55D8EB97BDAC}.Debug|iPhoneSimulator.Build.0 = Debug|Any CPU
		{9867F07A-B2F8-412F-BA3F-55D8EB97BDAC}.Release|iPhone.ActiveCfg = Release|Any CPU
		{9867F07A-B2F8-412F-BA3F-55D8EB97BDAC}.Release|iPhone.Build.0 = Release|Any CPU
		{9867F07A-B2F8-412F-BA3F-55D8EB97BDAC}.Release|iPhoneSimulator.ActiveCfg = Release|Any CPU
		{9867F07A-B2F8-412F-BA3F-55D8EB97BDAC}.Release|iPhoneSimulator.Build.0 = Release|Any CPU
		{9867F07A-B2F8-412F-BA3F-55D8EB97BDAC}.Debug|iPhone.ActiveCfg = Debug|Any CPU
		{9867F07A-B2F8-412F-BA3F-55D8EB97BDAC}.Debug|iPhone.Build.0 = Debug|Any CPU
	EndGlobalSection
EndGlobal
