
Microsoft Visual Studio Solution File, Format Version 12.00
# Visual Studio 2012
Project("{FAE04EC0-301F-11D3-BF4B-00C04F79EFBC}") = "iPhoneApp1", "iPhoneApp1\iPhoneApp1.csproj", "{F173936C-C965-4FF9-BE72-15358FF3BF0C}"
EndProject
Global
	GlobalSection(SolutionConfigurationPlatforms) = preSolution
		Debug|iPhoneSimulator = Debug|iPhoneSimulator
		Release|iPhone = Release|iPhone
		Release|iPhoneSimulator = Release|iPhoneSimulator
		Debug|iPhone = Debug|iPhone
	EndGlobalSection
	GlobalSection(ProjectConfigurationPlatforms) = postSolution
		{F173936C-C965-4FF9-BE72-15358FF3BF0C}.Debug|iPhoneSimulator.ActiveCfg = Debug|iPhoneSimulator
		{F173936C-C965-4FF9-BE72-15358FF3BF0C}.Debug|iPhoneSimulator.Build.0 = Debug|iPhoneSimulator
		{F173936C-C965-4FF9-BE72-15358FF3BF0C}.Release|iPhone.ActiveCfg = Release|iPhone
		{F173936C-C965-4FF9-BE72-15358FF3BF0C}.Release|iPhone.Build.0 = Release|iPhone
		{F173936C-C965-4FF9-BE72-15358FF3BF0C}.Release|iPhoneSimulator.ActiveCfg = Release|iPhoneSimulator
		{F173936C-C965-4FF9-BE72-15358FF3BF0C}.Release|iPhoneSimulator.Build.0 = Release|iPhoneSimulator
		{F173936C-C965-4FF9-BE72-15358FF3BF0C}.Debug|iPhone.ActiveCfg = Debug|iPhone
		{F173936C-C965-4FF9-BE72-15358FF3BF0C}.Debug|iPhone.Build.0 = Debug|iPhone
	EndGlobalSection
EndGlobal
