
Microsoft Visual Studio Solution File, Format Version 12.00
# Visual Studio 2012
Project("{FAE04EC0-301F-11D3-BF4B-00C04F79EFBC}") = "XMemo", "XMemo\XMemo.csproj", "{828C0174-3457-49DB-91A9-1624C257CD60}"
EndProject
Project("{FAE04EC0-301F-11D3-BF4B-00C04F79EFBC}") = "XMemo.Droid", "Droid\XMemo.Droid.csproj", "{EA6248DA-BB8F-4281-83B1-648E3F1D803D}"
EndProject
Project("{FAE04EC0-301F-11D3-BF4B-00C04F79EFBC}") = "XMemo.iOS", "iOS\XMemo.iOS.csproj", "{FB319D28-E705-41F9-A3D8-B66D13200A5B}"
EndProject
Global
	GlobalSection(SolutionConfigurationPlatforms) = preSolution
		Debug|Any CPU = Debug|Any CPU
		Release|Any CPU = Release|Any CPU
		Debug|iPhoneSimulator = Debug|iPhoneSimulator
		Release|iPhone = Release|iPhone
		Release|iPhoneSimulator = Release|iPhoneSimulator
		Debug|iPhone = Debug|iPhone
	EndGlobalSection
	GlobalSection(ProjectConfigurationPlatforms) = postSolution
		{828C0174-3457-49DB-91A9-1624C257CD60}.Debug|Any CPU.ActiveCfg = Debug|Any CPU
		{828C0174-3457-49DB-91A9-1624C257CD60}.Debug|Any CPU.Build.0 = Debug|Any CPU
		{828C0174-3457-49DB-91A9-1624C257CD60}.Release|Any CPU.ActiveCfg = Release|Any CPU
		{828C0174-3457-49DB-91A9-1624C257CD60}.Release|Any CPU.Build.0 = Release|Any CPU
		{828C0174-3457-49DB-91A9-1624C257CD60}.Debug|iPhoneSimulator.ActiveCfg = Debug|Any CPU
		{828C0174-3457-49DB-91A9-1624C257CD60}.Debug|iPhoneSimulator.Build.0 = Debug|Any CPU
		{828C0174-3457-49DB-91A9-1624C257CD60}.Release|iPhone.ActiveCfg = Release|Any CPU
		{828C0174-3457-49DB-91A9-1624C257CD60}.Release|iPhone.Build.0 = Release|Any CPU
		{828C0174-3457-49DB-91A9-1624C257CD60}.Release|iPhoneSimulator.ActiveCfg = Release|Any CPU
		{828C0174-3457-49DB-91A9-1624C257CD60}.Release|iPhoneSimulator.Build.0 = Release|Any CPU
		{828C0174-3457-49DB-91A9-1624C257CD60}.Debug|iPhone.ActiveCfg = Debug|Any CPU
		{828C0174-3457-49DB-91A9-1624C257CD60}.Debug|iPhone.Build.0 = Debug|Any CPU
		{EA6248DA-BB8F-4281-83B1-648E3F1D803D}.Debug|Any CPU.ActiveCfg = Debug|Any CPU
		{EA6248DA-BB8F-4281-83B1-648E3F1D803D}.Debug|Any CPU.Build.0 = Debug|Any CPU
		{EA6248DA-BB8F-4281-83B1-648E3F1D803D}.Release|Any CPU.ActiveCfg = Release|Any CPU
		{EA6248DA-BB8F-4281-83B1-648E3F1D803D}.Release|Any CPU.Build.0 = Release|Any CPU
		{EA6248DA-BB8F-4281-83B1-648E3F1D803D}.Debug|iPhoneSimulator.ActiveCfg = Debug|Any CPU
		{EA6248DA-BB8F-4281-83B1-648E3F1D803D}.Debug|iPhoneSimulator.Build.0 = Debug|Any CPU
		{EA6248DA-BB8F-4281-83B1-648E3F1D803D}.Release|iPhone.ActiveCfg = Release|Any CPU
		{EA6248DA-BB8F-4281-83B1-648E3F1D803D}.Release|iPhone.Build.0 = Release|Any CPU
		{EA6248DA-BB8F-4281-83B1-648E3F1D803D}.Release|iPhoneSimulator.ActiveCfg = Release|Any CPU
		{EA6248DA-BB8F-4281-83B1-648E3F1D803D}.Release|iPhoneSimulator.Build.0 = Release|Any CPU
		{EA6248DA-BB8F-4281-83B1-648E3F1D803D}.Debug|iPhone.ActiveCfg = Debug|Any CPU
		{EA6248DA-BB8F-4281-83B1-648E3F1D803D}.Debug|iPhone.Build.0 = Debug|Any CPU
		{FB319D28-E705-41F9-A3D8-B66D13200A5B}.Debug|Any CPU.ActiveCfg = Debug|iPhoneSimulator
		{FB319D28-E705-41F9-A3D8-B66D13200A5B}.Debug|Any CPU.Build.0 = Debug|iPhoneSimulator
		{FB319D28-E705-41F9-A3D8-B66D13200A5B}.Release|Any CPU.ActiveCfg = Release|iPhone
		{FB319D28-E705-41F9-A3D8-B66D13200A5B}.Release|Any CPU.Build.0 = Release|iPhone
		{FB319D28-E705-41F9-A3D8-B66D13200A5B}.Debug|iPhoneSimulator.ActiveCfg = Debug|iPhoneSimulator
		{FB319D28-E705-41F9-A3D8-B66D13200A5B}.Debug|iPhoneSimulator.Build.0 = Debug|iPhoneSimulator
		{FB319D28-E705-41F9-A3D8-B66D13200A5B}.Release|iPhone.ActiveCfg = Release|iPhone
		{FB319D28-E705-41F9-A3D8-B66D13200A5B}.Release|iPhone.Build.0 = Release|iPhone
		{FB319D28-E705-41F9-A3D8-B66D13200A5B}.Release|iPhoneSimulator.ActiveCfg = Release|iPhoneSimulator
		{FB319D28-E705-41F9-A3D8-B66D13200A5B}.Release|iPhoneSimulator.Build.0 = Release|iPhoneSimulator
		{FB319D28-E705-41F9-A3D8-B66D13200A5B}.Debug|iPhone.ActiveCfg = Debug|iPhone
		{FB319D28-E705-41F9-A3D8-B66D13200A5B}.Debug|iPhone.Build.0 = Debug|iPhone
	EndGlobalSection
EndGlobal
